Microsoft Visual Studio Solution File, Format Version 11.00
# Visual Studio 2008

Project("{5CF6B589-D831-7C12-BE40-B9B06AD50163}") = "KeySpeedster", "Assembly-CSharp.csproj", "{322541D3-4BCE-5AE0-7104-3955E80A81B1}"
EndProject
Global
	GlobalSection(SolutionConfigurationPlatforms) = preSolution
		Debug|Any CPU = Debug|Any CPU
		Release|Any CPU = Release|Any CPU
	EndGlobalSection
	GlobalSection(ProjectConfigurationPlatforms) = postSolution
		{322541D3-4BCE-5AE0-7104-3955E80A81B1}.Debug|Any CPU.ActiveCfg = Debug|Any CPU
		{322541D3-4BCE-5AE0-7104-3955E80A81B1}.Debug|Any CPU.Build.0 = Debug|Any CPU
		{322541D3-4BCE-5AE0-7104-3955E80A81B1}.Release|Any CPU.ActiveCfg = Release|Any CPU
		{322541D3-4BCE-5AE0-7104-3955E80A81B1}.Release|Any CPU.Build.0 = Release|Any CPU
	EndGlobalSection
	GlobalSection(SolutionProperties) = preSolution
		HideSolutionNode = FALSE
	EndGlobalSection
	GlobalSection(MonoDevelopProperties) = preSolution
		StartupItem = Assembly-CSharp.csproj
	EndGlobalSection
EndGlobal
